
Microsoft Visual Studio Solution File, Format Version 12.00
# Visual Studio Version 17
VisualStudioVersion = 17.5.33530.505
MinimumVisualStudioVersion = 10.0.40219.1
Project("{9A19103F-16F7-4668-BE54-9A1E7A4F7556}") = "BlazorBlog.Server", "BlazorBlog\Server\BlazorBlog.Server.csproj", "{A2DA8665-F0B0-4512-A75D-C1606D10346A}"
EndProject
Project("{9A19103F-16F7-4668-BE54-9A1E7A4F7556}") = "BlazorBlog.Client", "BlazorBlog\Client\BlazorBlog.Client.csproj", "{30F8E0AB-CD65-45B5-A819-2937E44132B0}"
EndProject
Project("{9A19103F-16F7-4668-BE54-9A1E7A4F7556}") = "BlazorBlog.Shared", "BlazorBlog\Shared\BlazorBlog.Shared.csproj", "{EA1A6B1A-A70D-4C1B-9FE0-4E1088DFB4B9}"
EndProject
Global
	GlobalSection(SolutionConfigurationPlatforms) = preSolution
		Debug|Any CPU = Debug|Any CPU
		Release|Any CPU = Release|Any CPU
	EndGlobalSection
	GlobalSection(ProjectConfigurationPlatforms) = postSolution
		{A2DA8665-F0B0-4512-A75D-C1606D10346A}.Debug|Any CPU.ActiveCfg = Debug|Any CPU
		{A2DA8665-F0B0-4512-A75D-C1606D10346A}.Debug|Any CPU.Build.0 = Debug|Any CPU
		{A2DA8665-F0B0-4512-A75D-C1606D10346A}.Release|Any CPU.ActiveCfg = Release|Any CPU
		{A2DA8665-F0B0-4512-A75D-C1606D10346A}.Release|Any CPU.Build.0 = Release|Any CPU
		{30F8E0AB-CD65-45B5-A819-2937E44132B0}.Debug|Any CPU.ActiveCfg = Debug|Any CPU
		{30F8E0AB-CD65-45B5-A819-2937E44132B0}.Debug|Any CPU.Build.0 = Debug|Any CPU
		{30F8E0AB-CD65-45B5-A819-2937E44132B0}.Release|Any CPU.ActiveCfg = Release|Any CPU
		{30F8E0AB-CD65-45B5-A819-2937E44132B0}.Release|Any CPU.Build.0 = Release|Any CPU
		{EA1A6B1A-A70D-4C1B-9FE0-4E1088DFB4B9}.Debug|Any CPU.ActiveCfg = Debug|Any CPU
		{EA1A6B1A-A70D-4C1B-9FE0-4E1088DFB4B9}.Debug|Any CPU.Build.0 = Debug|Any CPU
		{EA1A6B1A-A70D-4C1B-9FE0-4E1088DFB4B9}.Release|Any CPU.ActiveCfg = Release|Any CPU
		{EA1A6B1A-A70D-4C1B-9FE0-4E1088DFB4B9}.Release|Any CPU.Build.0 = Release|Any CPU
	EndGlobalSection
	GlobalSection(SolutionProperties) = preSolution
		HideSolutionNode = FALSE
	EndGlobalSection
	GlobalSection(ExtensibilityGlobals) = postSolution
		SolutionGuid = {D6D2613F-6708-4960-A6E5-4043212C60AD}
	EndGlobalSection
EndGlobal
